
Microsoft Visual Studio Solution File, Format Version 12.00
# Visual Studio Version 17
VisualStudioVersion = 17.1.32407.343
MinimumVisualStudioVersion = 10.0.40219.1
Project("{9A19103F-16F7-4668-BE54-9A1E7A4F7556}") = "AutoRep1", "AutoRep1\AutoRep1.csproj", "{B77A9648-D567-4CDB-91B3-06D02D19112E}"
EndProject
Project("{FAE04EC0-301F-11D3-BF4B-00C04F79EFBC}") = "AutoRepApp", "AutoRepApp\AutoRepApp.csproj", "{FC38C959-521C-4895-9146-B05653DC25E1}"
EndProject
Global
	GlobalSection(SolutionConfigurationPlatforms) = preSolution
		Debug|Any CPU = Debug|Any CPU
		Release|Any CPU = Release|Any CPU
	EndGlobalSection
	GlobalSection(ProjectConfigurationPlatforms) = postSolution
		{B77A9648-D567-4CDB-91B3-06D02D19112E}.Debug|Any CPU.ActiveCfg = Debug|Any CPU
		{B77A9648-D567-4CDB-91B3-06D02D19112E}.Debug|Any CPU.Build.0 = Debug|Any CPU
		{B77A9648-D567-4CDB-91B3-06D02D19112E}.Release|Any CPU.ActiveCfg = Release|Any CPU
		{B77A9648-D567-4CDB-91B3-06D02D19112E}.Release|Any CPU.Build.0 = Release|Any CPU
		{FC38C959-521C-4895-9146-B05653DC25E1}.Debug|Any CPU.ActiveCfg = Debug|Any CPU
		{FC38C959-521C-4895-9146-B05653DC25E1}.Debug|Any CPU.Build.0 = Debug|Any CPU
		{FC38C959-521C-4895-9146-B05653DC25E1}.Release|Any CPU.ActiveCfg = Release|Any CPU
		{FC38C959-521C-4895-9146-B05653DC25E1}.Release|Any CPU.Build.0 = Release|Any CPU
	EndGlobalSection
	GlobalSection(SolutionProperties) = preSolution
		HideSolutionNode = FALSE
	EndGlobalSection
	GlobalSection(ExtensibilityGlobals) = postSolution
		SolutionGuid = {F9E2DB0E-F3A4-47CA-A1C0-585629E2B5A2}
	EndGlobalSection
EndGlobal
